// !$*UTF8*$!
{
	archiveVersion = 1;
	classes = {
	};
	objectVersion = 46;
	objects = {

/* Begin PBXBuildFile section */
		15D618FA1A645A8F00C48FF1 /* AppDelegate.swift in Sources */ = {isa = PBXBuildFile; fileRef = 15D618F91A645A8F00C48FF1 /* AppDelegate.swift */; };
		15D618FF1A645A8F00C48FF1 /* Main.storyboard in Resources */ = {isa = PBXBuildFile; fileRef = 15D618FD1A645A8F00C48FF1 /* Main.storyboard */; };
		15D619041A645A8F00C48FF1 /* LaunchScreen.xib in Resources */ = {isa = PBXBuildFile; fileRef = 15D619021A645A8F00C48FF1 /* LaunchScreen.xib */; };
		A10FEC981ACE4BBF00BB5CC7 /* microphone_selected.png in Resources */ = {isa = PBXBuildFile; fileRef = A10FEC961ACE4BBF00BB5CC7 /* microphone_selected.png */; };
		A10FEC991ACE4BBF00BB5CC7 /* microphone_unselected.png in Resources */ = {isa = PBXBuildFile; fileRef = A10FEC971ACE4BBF00BB5CC7 /* microphone_unselected.png */; };
		A10FEC9E1AD12F1C00BB5CC7 /* credit for icons.png in Resources */ = {isa = PBXBuildFile; fileRef = A10FEC9A1AD12F1C00BB5CC7 /* credit for icons.png */; };
		A10FECA01AD12F1C00BB5CC7 /* pausebutton.png in Resources */ = {isa = PBXBuildFile; fileRef = A10FEC9C1AD12F1C00BB5CC7 /* pausebutton.png */; };
		A10FECA11AD12F1C00BB5CC7 /* playbutton.png in Resources */ = {isa = PBXBuildFile; fileRef = A10FEC9D1AD12F1C00BB5CC7 /* playbutton.png */; };
		A10FECA51AD1386000BB5CC7 /* Media.xcassets in Resources */ = {isa = PBXBuildFile; fileRef = A10FECA41AD1386000BB5CC7 /* Media.xcassets */; };
		A10FECA71AD1396C00BB5CC7 /* VoiceRecorderViewController.swift in Sources */ = {isa = PBXBuildFile; fileRef = A10FECA61AD1396C00BB5CC7 /* VoiceRecorderViewController.swift */; };
		A10FECA91AD16AD400BB5CC7 /* PlaySoundsViewController.swift in Sources */ = {isa = PBXBuildFile; fileRef = A10FECA81AD16AD400BB5CC7 /* PlaySoundsViewController.swift */; };
		A10FECAD1AD16E0600BB5CC7 /* AVFoundation.framework in Frameworks */ = {isa = PBXBuildFile; fileRef = A10FECAC1AD16E0600BB5CC7 /* AVFoundation.framework */; };
		A10FECAF1AD1A5E100BB5CC7 /* movie_quote2.mp3 in Resources */ = {isa = PBXBuildFile; fileRef = A10FECAE1AD1A5E100BB5CC7 /* movie_quote2.mp3 */; };
		A10FECB11AD2A8A300BB5CC7 /* stopbutton.png in Resources */ = {isa = PBXBuildFile; fileRef = A10FECB01AD2A8A300BB5CC7 /* stopbutton.png */; };
		A10FECB31AD2B59700BB5CC7 /* RecordedAudio.swift in Sources */ = {isa = PBXBuildFile; fileRef = A10FECB21AD2B59700BB5CC7 /* RecordedAudio.swift */; };
		A1AAEBB61A7F9882009F805A /* Images-2.xcassets in Resources */ = {isa = PBXBuildFile; fileRef = A1AAEBB51A7F9882009F805A /* Images-2.xcassets */; };
/* End PBXBuildFile section */

/* Begin PBXFileReference section */
		15D618F41A645A8F00C48FF1 /* Timer.app */ = {isa = PBXFileReference; explicitFileType = wrapper.application; includeInIndex = 0; path = Timer.app; sourceTree = BUILT_PRODUCTS_DIR; };
		15D618F81A645A8F00C48FF1 /* Info.plist */ = {isa = PBXFileReference; lastKnownFileType = text.plist.xml; path = Info.plist; sourceTree = "<group>"; };
		15D618F91A645A8F00C48FF1 /* AppDelegate.swift */ = {isa = PBXFileReference; lastKnownFileType = sourcecode.swift; path = AppDelegate.swift; sourceTree = "<group>"; };
		15D618FE1A645A8F00C48FF1 /* Base */ = {isa = PBXFileReference; lastKnownFileType = file.storyboard; name = Base; path = Base.lproj/Main.storyboard; sourceTree = "<group>"; };
		15D619031A645A8F00C48FF1 /* Base */ = {isa = PBXFileReference; lastKnownFileType = file.xib; name = Base; path = Base.lproj/LaunchScreen.xib; sourceTree = "<group>"; };
		15D6190E1A645A8F00C48FF1 /* Info.plist */ = {isa = PBXFileReference; lastKnownFileType = text.plist.xml; path = Info.plist; sourceTree = "<group>"; };
		15D6190F1A645A8F00C48FF1 /* TimerAppTests.swift */ = {isa = PBXFileReference; lastKnownFileType = sourcecode.swift; path = TimerAppTests.swift; sourceTree = "<group>"; };
		A10FEC961ACE4BBF00BB5CC7 /* microphone_selected.png */ = {isa = PBXFileReference; lastKnownFileType = image.png; path = microphone_selected.png; sourceTree = "<group>"; };
		A10FEC971ACE4BBF00BB5CC7 /* microphone_unselected.png */ = {isa = PBXFileReference; lastKnownFileType = image.png; path = microphone_unselected.png; sourceTree = "<group>"; };
		A10FEC9A1AD12F1C00BB5CC7 /* credit for icons.png */ = {isa = PBXFileReference; lastKnownFileType = image.png; path = "credit for icons.png"; sourceTree = "<group>"; };
		A10FEC9C1AD12F1C00BB5CC7 /* pausebutton.png */ = {isa = PBXFileReference; lastKnownFileType = image.png; path = pausebutton.png; sourceTree = "<group>"; };
		A10FEC9D1AD12F1C00BB5CC7 /* playbutton.png */ = {isa = PBXFileReference; lastKnownFileType = image.png; path = playbutton.png; sourceTree = "<group>"; };
		A10FECA41AD1386000BB5CC7 /* Media.xcassets */ = {isa = PBXFileReference; lastKnownFileType = folder.assetcatalog; name = Media.xcassets; path = voicerecorder/Media.xcassets; sourceTree = "<group>"; };
		A10FECA61AD1396C00BB5CC7 /* VoiceRecorderViewController.swift */ = {isa = PBXFileReference; fileEncoding = 4; lastKnownFileType = sourcecode.swift; name = VoiceRecorderViewController.swift; path = voicerecorder/VoiceRecorderViewController.swift; sourceTree = "<group>"; };
		A10FECA81AD16AD400BB5CC7 /* PlaySoundsViewController.swift */ = {isa = PBXFileReference; fileEncoding = 4; lastKnownFileType = sourcecode.swift; name = PlaySoundsViewController.swift; path = voicerecorder/PlaySoundsViewController.swift; sourceTree = "<group>"; };
		A10FECAC1AD16E0600BB5CC7 /* AVFoundation.framework */ = {isa = PBXFileReference; lastKnownFileType = wrapper.framework; name = AVFoundation.framework; path = System/Library/Frameworks/AVFoundation.framework; sourceTree = SDKROOT; };
		A10FECAE1AD1A5E100BB5CC7 /* movie_quote2.mp3 */ = {isa = PBXFileReference; lastKnownFileType = audio.mp3; name = movie_quote2.mp3; path = voicerecorder/movie_quote2.mp3; sourceTree = "<group>"; };
		A10FECB01AD2A8A300BB5CC7 /* stopbutton.png */ = {isa = PBXFileReference; lastKnownFileType = image.png; path = stopbutton.png; sourceTree = "<group>"; };
		A10FECB21AD2B59700BB5CC7 /* RecordedAudio.swift */ = {isa = PBXFileReference; fileEncoding = 4; lastKnownFileType = sourcecode.swift; name = RecordedAudio.swift; path = voicerecorder/RecordedAudio.swift; sourceTree = "<group>"; };
		A1AAEBB51A7F9882009F805A /* Images-2.xcassets */ = {isa = PBXFileReference; lastKnownFileType = folder.assetcatalog; path = "Images-2.xcassets"; sourceTree = "<group>"; };
/* End PBXFileReference section */

/* Begin PBXFrameworksBuildPhase section */
		15D618F11A645A8F00C48FF1 /* Frameworks */ = {
			isa = PBXFrameworksBuildPhase;
			buildActionMask = 2147483647;
			files = (
				A10FECAD1AD16E0600BB5CC7 /* AVFoundation.framework in Frameworks */,
			);
			runOnlyForDeploymentPostprocessing = 0;
		};
/* End PBXFrameworksBuildPhase section */

/* Begin PBXGroup section */
		15D618EB1A645A8F00C48FF1 = {
			isa = PBXGroup;
			children = (
				15D618F61A645A8F00C48FF1 /* TimerApp */,
				15D6190C1A645A8F00C48FF1 /* TimerAppTests */,
				15D618F51A645A8F00C48FF1 /* Products */,
				A0D42855A4EEA6EF41186214 /* Frameworks */,
			);
			sourceTree = "<group>";
		};
		15D618F51A645A8F00C48FF1 /* Products */ = {
			isa = PBXGroup;
			children = (
				15D618F41A645A8F00C48FF1 /* Timer.app */,
			);
			name = Products;
			sourceTree = "<group>";
		};
		15D618F61A645A8F00C48FF1 /* TimerApp */ = {
			isa = PBXGroup;
			children = (
				A144E7451A9D2FFE00425FF9 /* assets */,
				15D618F91A645A8F00C48FF1 /* AppDelegate.swift */,
				15D618FD1A645A8F00C48FF1 /* Main.storyboard */,
				15D619021A645A8F00C48FF1 /* LaunchScreen.xib */,
				A1AAEBB51A7F9882009F805A /* Images-2.xcassets */,
				15D618F71A645A8F00C48FF1 /* Supporting Files */,
			);
			path = TimerApp;
			sourceTree = "<group>";
		};
		15D618F71A645A8F00C48FF1 /* Supporting Files */ = {
			isa = PBXGroup;
			children = (
				15D618F81A645A8F00C48FF1 /* Info.plist */,
			);
			name = "Supporting Files";
			sourceTree = "<group>";
		};
		15D6190C1A645A8F00C48FF1 /* TimerAppTests */ = {
			isa = PBXGroup;
			children = (
				15D6190F1A645A8F00C48FF1 /* TimerAppTests.swift */,
				15D6190D1A645A8F00C48FF1 /* Supporting Files */,
			);
			path = TimerAppTests;
			sourceTree = "<group>";
		};
		15D6190D1A645A8F00C48FF1 /* Supporting Files */ = {
			isa = PBXGroup;
			children = (
				15D6190E1A645A8F00C48FF1 /* Info.plist */,
			);
			name = "Supporting Files";
			sourceTree = "<group>";
		};
		A0D42855A4EEA6EF41186214 /* Frameworks */ = {
			isa = PBXGroup;
			children = (
				A10FECAC1AD16E0600BB5CC7 /* AVFoundation.framework */,
			);
			name = Frameworks;
			sourceTree = "<group>";
		};
		A10FEC951ACE4B8B00BB5CC7 /* VoiceRecorder */ = {
			isa = PBXGroup;
			children = (
				A1C91B411BCB1F33003D1E44 /* Model */,
				A10FECA61AD1396C00BB5CC7 /* VoiceRecorderViewController.swift */,
				A10FECA81AD16AD400BB5CC7 /* PlaySoundsViewController.swift */,
				A10FECB01AD2A8A300BB5CC7 /* stopbutton.png */,
				A10FECAE1AD1A5E100BB5CC7 /* movie_quote2.mp3 */,
				A10FEC9A1AD12F1C00BB5CC7 /* credit for icons.png */,
				A10FEC9C1AD12F1C00BB5CC7 /* pausebutton.png */,
				A10FEC9D1AD12F1C00BB5CC7 /* playbutton.png */,
				A10FEC961ACE4BBF00BB5CC7 /* microphone_selected.png */,
				A10FEC971ACE4BBF00BB5CC7 /* microphone_unselected.png */,
				A10FECA41AD1386000BB5CC7 /* Media.xcassets */,
			);
			name = VoiceRecorder;
			sourceTree = "<group>";
		};
		A144E7451A9D2FFE00425FF9 /* assets */ = {
			isa = PBXGroup;
			children = (
				A10FEC951ACE4B8B00BB5CC7 /* VoiceRecorder */,
			);
			name = assets;
			sourceTree = "<group>";
		};
		A1C91B411BCB1F33003D1E44 /* Model */ = {
			isa = PBXGroup;
			children = (
				A10FECB21AD2B59700BB5CC7 /* RecordedAudio.swift */,
			);
			name = Model;
			sourceTree = "<group>";
		};
/* End PBXGroup section */

/* Begin PBXNativeTarget section */
		15D618F31A645A8F00C48FF1 /* TimerApp */ = {
			isa = PBXNativeTarget;
			buildConfigurationList = 15D619131A645A8F00C48FF1 /* Build configuration list for PBXNativeTarget "TimerApp" */;
			buildPhases = (
				15D618F01A645A8F00C48FF1 /* Sources */,
				15D618F11A645A8F00C48FF1 /* Frameworks */,
				15D618F21A645A8F00C48FF1 /* Resources */,
			);
			buildRules = (
			);
			dependencies = (
			);
			name = TimerApp;
			productName = TimerApp;
			productReference = 15D618F41A645A8F00C48FF1 /* Timer.app */;
			productType = "com.apple.product-type.application";
		};
/* End PBXNativeTarget section */

/* Begin PBXProject section */
		15D618EC1A645A8F00C48FF1 /* Project object */ = {
			isa = PBXProject;
			attributes = {
				LastSwiftMigration = 0700;
				LastSwiftUpdateCheck = 0700;
				LastUpgradeCheck = 0700;
				ORGANIZATIONNAME = alexanderkustov;
				TargetAttributes = {
					15D618F31A645A8F00C48FF1 = {
						CreatedOnToolsVersion = 6.1.1;
						DevelopmentTeam = 3GC4AU8T59;
					};
				};
			};
			buildConfigurationList = 15D618EF1A645A8F00C48FF1 /* Build configuration list for PBXProject "TimerApp" */;
			compatibilityVersion = "Xcode 3.2";
			developmentRegion = English;
			hasScannedForEncodings = 0;
			knownRegions = (
				en,
				Base,
			);
			mainGroup = 15D618EB1A645A8F00C48FF1;
			productRefGroup = 15D618F51A645A8F00C48FF1 /* Products */;
			projectDirPath = "";
			projectRoot = "";
			targets = (
				15D618F31A645A8F00C48FF1 /* TimerApp */,
			);
		};
/* End PBXProject section */

/* Begin PBXResourcesBuildPhase section */
		15D618F21A645A8F00C48FF1 /* Resources */ = {
			isa = PBXResourcesBuildPhase;
			buildActionMask = 2147483647;
			files = (
				15D618FF1A645A8F00C48FF1 /* Main.storyboard in Resources */,
				A10FECA51AD1386000BB5CC7 /* Media.xcassets in Resources */,
				15D619041A645A8F00C48FF1 /* LaunchScreen.xib in Resources */,
				A10FECB11AD2A8A300BB5CC7 /* stopbutton.png in Resources */,
				A10FECA11AD12F1C00BB5CC7 /* playbutton.png in Resources */,
				A1AAEBB61A7F9882009F805A /* Images-2.xcassets in Resources */,
				A10FEC991ACE4BBF00BB5CC7 /* microphone_unselected.png in Resources */,
				A10FEC981ACE4BBF00BB5CC7 /* microphone_selected.png in Resources */,
				A10FECA01AD12F1C00BB5CC7 /* pausebutton.png in Resources */,
				A10FEC9E1AD12F1C00BB5CC7 /* credit for icons.png in Resources */,
				A10FECAF1AD1A5E100BB5CC7 /* movie_quote2.mp3 in Resources */,
			);
			runOnlyForDeploymentPostprocessing = 0;
		};
/* End PBXResourcesBuildPhase section */

/* Begin PBXSourcesBuildPhase section */
		15D618F01A645A8F00C48FF1 /* Sources */ = {
			isa = PBXSourcesBuildPhase;
			buildActionMask = 2147483647;
			files = (
				A10FECA71AD1396C00BB5CC7 /* VoiceRecorderViewController.swift in Sources */,
				A10FECB31AD2B59700BB5CC7 /* RecordedAudio.swift in Sources */,
				15D618FA1A645A8F00C48FF1 /* AppDelegate.swift in Sources */,
				A10FECA91AD16AD400BB5CC7 /* PlaySoundsViewController.swift in Sources */,
			);
			runOnlyForDeploymentPostprocessing = 0;
		};
/* End PBXSourcesBuildPhase section */

/* Begin PBXVariantGroup section */
		15D618FD1A645A8F00C48FF1 /* Main.storyboard */ = {
			isa = PBXVariantGroup;
			children = (
				15D618FE1A645A8F00C48FF1 /* Base */,
			);
			name = Main.storyboard;
			sourceTree = "<group>";
		};
		15D619021A645A8F00C48FF1 /* LaunchScreen.xib */ = {
			isa = PBXVariantGroup;
			children = (
				15D619031A645A8F00C48FF1 /* Base */,
			);
			name = LaunchScreen.xib;
			sourceTree = "<group>";
		};
/* End PBXVariantGroup section */

/* Begin XCBuildConfiguration section */
		15D619111A645A8F00C48FF1 /* Debug */ = {
			isa = XCBuildConfiguration;
			buildSettings = {
				ALWAYS_SEARCH_USER_PATHS = NO;
				CLANG_CXX_LANGUAGE_STANDARD = "gnu++0x";
				CLANG_CXX_LIBRARY = "libc++";
				CLANG_ENABLE_MODULES = YES;
				CLANG_ENABLE_OBJC_ARC = YES;
				CLANG_WARN_BOOL_CONVERSION = YES;
				CLANG_WARN_CONSTANT_CONVERSION = YES;
				CLANG_WARN_DIRECT_OBJC_ISA_USAGE = YES_ERROR;
				CLANG_WARN_EMPTY_BODY = YES;
				CLANG_WARN_ENUM_CONVERSION = YES;
				CLANG_WARN_INT_CONVERSION = YES;
				CLANG_WARN_OBJC_ROOT_CLASS = YES_ERROR;
				CLANG_WARN_UNREACHABLE_CODE = YES;
				CLANG_WARN__DUPLICATE_METHOD_MATCH = YES;
				"CODE_SIGN_IDENTITY[sdk=iphoneos*]" = "iPhone Developer";
				COPY_PHASE_STRIP = NO;
				ENABLE_STRICT_OBJC_MSGSEND = YES;
				ENABLE_TESTABILITY = YES;
				GCC_C_LANGUAGE_STANDARD = gnu99;
				GCC_DYNAMIC_NO_PIC = NO;
				GCC_OPTIMIZATION_LEVEL = 0;
				GCC_PREPROCESSOR_DEFINITIONS = (
					"DEBUG=1",
					"$(inherited)",
				);
				GCC_SYMBOLS_PRIVATE_EXTERN = NO;
				GCC_WARN_64_TO_32_BIT_CONVERSION = YES;
				GCC_WARN_ABOUT_RETURN_TYPE = YES_ERROR;
				GCC_WARN_UNDECLARED_SELECTOR = YES;
				GCC_WARN_UNINITIALIZED_AUTOS = YES_AGGRESSIVE;
				GCC_WARN_UNUSED_FUNCTION = YES;
				GCC_WARN_UNUSED_VARIABLE = YES;
				IPHONEOS_DEPLOYMENT_TARGET = 8.0;
				MTL_ENABLE_DEBUG_INFO = YES;
				ONLY_ACTIVE_ARCH = YES;
				SDKROOT = iphoneos;
				SWIFT_OPTIMIZATION_LEVEL = "-Onone";
			};
			name = Debug;
		};
		15D619121A645A8F00C48FF1 /* Release */ = {
			isa = XCBuildConfiguration;
			buildSettings = {
				ALWAYS_SEARCH_USER_PATHS = NO;
				CLANG_CXX_LANGUAGE_STANDARD = "gnu++0x";
				CLANG_CXX_LIBRARY = "libc++";
				CLANG_ENABLE_MODULES = YES;
				CLANG_ENABLE_OBJC_ARC = YES;
				CLANG_WARN_BOOL_CONVERSION = YES;
				CLANG_WARN_CONSTANT_CONVERSION = YES;
				CLANG_WARN_DIRECT_OBJC_ISA_USAGE = YES_ERROR;
				CLANG_WARN_EMPTY_BODY = YES;
				CLANG_WARN_ENUM_CONVERSION = YES;
				CLANG_WARN_INT_CONVERSION = YES;
				CLANG_WARN_OBJC_ROOT_CLASS = YES_ERROR;
				CLANG_WARN_UNREACHABLE_CODE = YES;
				CLANG_WARN__DUPLICATE_METHOD_MATCH = YES;
				"CODE_SIGN_IDENTITY[sdk=iphoneos*]" = "iPhone Developer";
				COPY_PHASE_STRIP = YES;
				ENABLE_NS_ASSERTIONS = NO;
				ENABLE_STRICT_OBJC_MSGSEND = YES;
				GCC_C_LANGUAGE_STANDARD = gnu99;
				GCC_WARN_64_TO_32_BIT_CONVERSION = YES;
				GCC_WARN_ABOUT_RETURN_TYPE = YES_ERROR;
				GCC_WARN_UNDECLARED_SELECTOR = YES;
				GCC_WARN_UNINITIALIZED_AUTOS = YES_AGGRESSIVE;
				GCC_WARN_UNUSED_FUNCTION = YES;
				GCC_WARN_UNUSED_VARIABLE = YES;
				IPHONEOS_DEPLOYMENT_TARGET = 8.0;
				MTL_ENABLE_DEBUG_INFO = NO;
				SDKROOT = iphoneos;
				VALIDATE_PRODUCT = YES;
			};
			name = Release;
		};
		15D619141A645A8F00C48FF1 /* Debug */ = {
			isa = XCBuildConfiguration;
			buildSettings = {
				ASSETCATALOG_COMPILER_APPICON_NAME = AppIcon;
				ASSETCATALOG_COMPILER_LAUNCHIMAGE_NAME = LaunchImage;
				CLANG_ENABLE_MODULES = YES;
				CODE_SIGN_IDENTITY = "iPhone Developer";
				"CODE_SIGN_IDENTITY[sdk=iphoneos*]" = "iPhone Developer";
				FRAMEWORK_SEARCH_PATHS = (
					"$(inherited)",
					"$(PROJECT_DIR)",
					"$(PROJECT_DIR)/Pods/Parse",
				);
				INFOPLIST_FILE = TimerApp/Info.plist;
				IPHONEOS_DEPLOYMENT_TARGET = 8.0;
				LD_RUNPATH_SEARCH_PATHS = "$(inherited) @executable_path/Frameworks";
				LIBRARY_SEARCH_PATHS = (
					"$(inherited)",
					"$(PROJECT_DIR)",
				);
				PRODUCT_BUNDLE_IDENTIFIER = "com.Grant.$(PRODUCT_NAME:rfc1034identifier)";
				PRODUCT_NAME = Timer;
				PROVISIONING_PROFILE = "";
				SWIFT_INSTALL_OBJC_HEADER = NO;
				SWIFT_OPTIMIZATION_LEVEL = "-Onone";
			};
			name = Debug;
		};
		15D619151A645A8F00C48FF1 /* Release */ = {
			isa = XCBuildConfiguration;
			buildSettings = {
				ASSETCATALOG_COMPILER_APPICON_NAME = AppIcon;
				ASSETCATALOG_COMPILER_LAUNCHIMAGE_NAME = LaunchImage;
				CLANG_ENABLE_MODULES = YES;
				CODE_SIGN_IDENTITY = "iPhone Developer";
				"CODE_SIGN_IDENTITY[sdk=iphoneos*]" = "iPhone Developer";
				FRAMEWORK_SEARCH_PATHS = (
					"$(inherited)",
					"$(PROJECT_DIR)",
					"$(PROJECT_DIR)/Pods/Parse",
				);
				INFOPLIST_FILE = TimerApp/Info.plist;
				IPHONEOS_DEPLOYMENT_TARGET = 8.0;
				LD_RUNPATH_SEARCH_PATHS = "$(inherited) @executable_path/Frameworks";
				LIBRARY_SEARCH_PATHS = (
					"$(inherited)",
					"$(PROJECT_DIR)",
				);
				PRODUCT_BUNDLE_IDENTIFIER = "com.Grant.$(PRODUCT_NAME:rfc1034identifier)";
				PRODUCT_NAME = Timer;
				PROVISIONING_PROFILE = "";
				SWIFT_INSTALL_OBJC_HEADER = NO;
			};
			name = Release;
		};
/* End XCBuildConfiguration section */

/* Begin XCConfigurationList section */
		15D618EF1A645A8F00C48FF1 /* Build configuration list for PBXProject "TimerApp" */ = {
			isa = XCConfigurationList;
			buildConfigurations = (
				15D619111A645A8F00C48FF1 /* Debug */,
				15D619121A645A8F00C48FF1 /* Release */,
			);
			defaultConfigurationIsVisible = 0;
			defaultConfigurationName = Release;
		};
		15D619131A645A8F00C48FF1 /* Build configuration list for PBXNativeTarget "TimerApp" */ = {
			isa = XCConfigurationList;
			buildConfigurations = (
				15D619141A645A8F00C48FF1 /* Debug */,
				15D619151A645A8F00C48FF1 /* Release */,
			);
			defaultConfigurationIsVisible = 0;
			defaultConfigurationName = Release;
		};
/* End XCConfigurationList section */
	};
	rootObject = 15D618EC1A645A8F00C48FF1 /* Project object */;
}
