// !$*UTF8*$!
{
	archiveVersion = 1;
	classes = {
	};
	objectVersion = 46;
	objects = {

/* Begin PBXBuildFile section */
		A11492A71B4202000035E171 /* StudentGroup.swift in Sources */ = {isa = PBXBuildFile; fileRef = A11492A61B4202000035E171 /* StudentGroup.swift */; };
		A1171D011B48856E0077916C /* bridging header.m in Sources */ = {isa = PBXBuildFile; fileRef = A1171D001B48856E0077916C /* bridging header.m */; };
		A11862641B320CAC00A638F3 /* StudentInformation.swift in Sources */ = {isa = PBXBuildFile; fileRef = A11862631B320CAC00A638F3 /* StudentInformation.swift */; };
		A14CE3411B51C48C0092470D /* udacity.png in Resources */ = {isa = PBXBuildFile; fileRef = A14CE3401B51C48C0092470D /* udacity.png */; };
		A14CE3431B51C4DD0092470D /* nav_locationPin.png in Resources */ = {isa = PBXBuildFile; fileRef = A14CE3421B51C4DD0092470D /* nav_locationPin.png */; };
		A14CE34E1B51C5460092470D /* OnTheMap_29.png in Resources */ = {isa = PBXBuildFile; fileRef = A14CE3441B51C5460092470D /* OnTheMap_29.png */; };
		A14CE34F1B51C5460092470D /* OnTheMap_40.png in Resources */ = {isa = PBXBuildFile; fileRef = A14CE3451B51C5460092470D /* OnTheMap_40.png */; };
		A14CE3501B51C5460092470D /* OnTheMap_58.png in Resources */ = {isa = PBXBuildFile; fileRef = A14CE3461B51C5460092470D /* OnTheMap_58.png */; };
		A14CE3511B51C5460092470D /* OnTheMap_76.png in Resources */ = {isa = PBXBuildFile; fileRef = A14CE3471B51C5460092470D /* OnTheMap_76.png */; };
		A14CE3521B51C5460092470D /* OnTheMap_80.png in Resources */ = {isa = PBXBuildFile; fileRef = A14CE3481B51C5460092470D /* OnTheMap_80.png */; };
		A14CE3531B51C5460092470D /* OnTheMap_120.png in Resources */ = {isa = PBXBuildFile; fileRef = A14CE3491B51C5460092470D /* OnTheMap_120.png */; };
		A14CE3541B51C5460092470D /* OnTheMap_152.png in Resources */ = {isa = PBXBuildFile; fileRef = A14CE34A1B51C5460092470D /* OnTheMap_152.png */; };
		A14CE3551B51C5460092470D /* OnTheMap_180.png in Resources */ = {isa = PBXBuildFile; fileRef = A14CE34B1B51C5460092470D /* OnTheMap_180.png */; };
		A14CE3561B51C5460092470D /* OnTheMap_512.png in Resources */ = {isa = PBXBuildFile; fileRef = A14CE34C1B51C5460092470D /* OnTheMap_512.png */; };
		A14CE3571B51C5460092470D /* OnTheMap_1024.png in Resources */ = {isa = PBXBuildFile; fileRef = A14CE34D1B51C5460092470D /* OnTheMap_1024.png */; };
		A14CE35F1B51C56F0092470D /* list.pdf in Resources */ = {isa = PBXBuildFile; fileRef = A14CE35B1B51C56F0092470D /* list.pdf */; };
		A14CE3601B51C56F0092470D /* map.pdf in Resources */ = {isa = PBXBuildFile; fileRef = A14CE35C1B51C56F0092470D /* map.pdf */; };
		A14CE3611B51C56F0092470D /* pin.pdf in Resources */ = {isa = PBXBuildFile; fileRef = A14CE35D1B51C56F0092470D /* pin.pdf */; };
		A14CE3621B51C56F0092470D /* udacity.pdf in Resources */ = {isa = PBXBuildFile; fileRef = A14CE35E1B51C56F0092470D /* udacity.pdf */; };
		A1A558301B3484710007209A /* StudentTableViewController.swift in Sources */ = {isa = PBXBuildFile; fileRef = A1A5582F1B3484710007209A /* StudentTableViewController.swift */; };
		A1D1296E1B2DAB950098EA9E /* AppDelegate.swift in Sources */ = {isa = PBXBuildFile; fileRef = A1D1296D1B2DAB950098EA9E /* AppDelegate.swift */; };
		A1D129701B2DAB950098EA9E /* LoginViewController.swift in Sources */ = {isa = PBXBuildFile; fileRef = A1D1296F1B2DAB950098EA9E /* LoginViewController.swift */; };
		A1D129731B2DAB950098EA9E /* Main.storyboard in Resources */ = {isa = PBXBuildFile; fileRef = A1D129711B2DAB950098EA9E /* Main.storyboard */; };
		A1D129751B2DAB950098EA9E /* Images.xcassets in Resources */ = {isa = PBXBuildFile; fileRef = A1D129741B2DAB950098EA9E /* Images.xcassets */; };
		A1D129781B2DAB950098EA9E /* LaunchScreen.xib in Resources */ = {isa = PBXBuildFile; fileRef = A1D129761B2DAB950098EA9E /* LaunchScreen.xib */; };
		A1D129841B2DAB950098EA9E /* Map_MeTests.swift in Sources */ = {isa = PBXBuildFile; fileRef = A1D129831B2DAB950098EA9E /* Map_MeTests.swift */; };
		A1D129911B2DC1FD0098EA9E /* pinicon.png in Resources */ = {isa = PBXBuildFile; fileRef = A1D1298E1B2DC1FD0098EA9E /* pinicon.png */; };
		A1D129921B2DC1FD0098EA9E /* tab_list.png in Resources */ = {isa = PBXBuildFile; fileRef = A1D1298F1B2DC1FD0098EA9E /* tab_list.png */; };
		A1D129931B2DC1FD0098EA9E /* tab_map.png in Resources */ = {isa = PBXBuildFile; fileRef = A1D129901B2DC1FD0098EA9E /* tab_map.png */; };
		A1D129951B2DC45E0098EA9E /* MapViewController.swift in Sources */ = {isa = PBXBuildFile; fileRef = A1D129941B2DC45E0098EA9E /* MapViewController.swift */; };
		A1D129981B2DC5100098EA9E /* MapKit.framework in Frameworks */ = {isa = PBXBuildFile; fileRef = A1D129971B2DC5100098EA9E /* MapKit.framework */; };
		A1D129C21B2E13E60098EA9E /* AddPinViewController.swift in Sources */ = {isa = PBXBuildFile; fileRef = A1D129C11B2E13E60098EA9E /* AddPinViewController.swift */; };
		A1D129C51B2E159C0098EA9E /* GlobalConstants.swift in Sources */ = {isa = PBXBuildFile; fileRef = A1D129C41B2E159C0098EA9E /* GlobalConstants.swift */; };
		A1D129CD1B313AA30098EA9E /* ParseClient.swift in Sources */ = {isa = PBXBuildFile; fileRef = A1D129CC1B313AA30098EA9E /* ParseClient.swift */; };
		A1D129D81B3148240098EA9E /* ParseConstants.swift in Sources */ = {isa = PBXBuildFile; fileRef = A1D129D71B3148240098EA9E /* ParseConstants.swift */; };
		A1D129DA1B315C280098EA9E /* ParseConvenience.swift in Sources */ = {isa = PBXBuildFile; fileRef = A1D129D91B315C280098EA9E /* ParseConvenience.swift */; };
		A1E5894F1B36DB18008CBD7C /* UdacityClient.swift in Sources */ = {isa = PBXBuildFile; fileRef = A1E5894E1B36DB18008CBD7C /* UdacityClient.swift */; };
		A1E589511B36DD2B008CBD7C /* UdacityConfig.swift in Sources */ = {isa = PBXBuildFile; fileRef = A1E589501B36DD2B008CBD7C /* UdacityConfig.swift */; };
		A1E589531B36E25C008CBD7C /* UdacityConienceMethods.swift in Sources */ = {isa = PBXBuildFile; fileRef = A1E589521B36E25C008CBD7C /* UdacityConienceMethods.swift */; };
		A1E589551B36E4FC008CBD7C /* UdacityConstants.swift in Sources */ = {isa = PBXBuildFile; fileRef = A1E589541B36E4FC008CBD7C /* UdacityConstants.swift */; };
		D2184B2BD2A67E8F2759B331 /* libPods-Map Me.a in Frameworks */ = {isa = PBXBuildFile; fileRef = 6CD27B8BC494181EBA9CCE0A /* libPods-Map Me.a */; };
/* End PBXBuildFile section */

/* Begin PBXContainerItemProxy section */
		A1D1297E1B2DAB950098EA9E /* PBXContainerItemProxy */ = {
			isa = PBXContainerItemProxy;
			containerPortal = A1D129601B2DAB940098EA9E /* Project object */;
			proxyType = 1;
			remoteGlobalIDString = A1D129671B2DAB950098EA9E;
			remoteInfo = "Map Me";
		};
/* End PBXContainerItemProxy section */

/* Begin PBXFileReference section */
		16E295DA455BBA23E73EAB84 /* Pods-Map Me.release.xcconfig */ = {isa = PBXFileReference; includeInIndex = 1; lastKnownFileType = text.xcconfig; name = "Pods-Map Me.release.xcconfig"; path = "Pods/Target Support Files/Pods-Map Me/Pods-Map Me.release.xcconfig"; sourceTree = "<group>"; };
		443BA5A7D02C805B6B415B00 /* Pods-Map Me.debug.xcconfig */ = {isa = PBXFileReference; includeInIndex = 1; lastKnownFileType = text.xcconfig; name = "Pods-Map Me.debug.xcconfig"; path = "Pods/Target Support Files/Pods-Map Me/Pods-Map Me.debug.xcconfig"; sourceTree = "<group>"; };
		6CD27B8BC494181EBA9CCE0A /* libPods-Map Me.a */ = {isa = PBXFileReference; explicitFileType = archive.ar; includeInIndex = 0; path = "libPods-Map Me.a"; sourceTree = BUILT_PRODUCTS_DIR; };
		A11492A61B4202000035E171 /* StudentGroup.swift */ = {isa = PBXFileReference; fileEncoding = 4; lastKnownFileType = sourcecode.swift; path = StudentGroup.swift; sourceTree = "<group>"; };
		A1171CFF1B48856D0077916C /* Map Me-Bridging-Header.h */ = {isa = PBXFileReference; lastKnownFileType = sourcecode.c.h; path = "Map Me-Bridging-Header.h"; sourceTree = "<group>"; };
		A1171D001B48856E0077916C /* bridging header.m */ = {isa = PBXFileReference; fileEncoding = 4; lastKnownFileType = sourcecode.c.objc; path = "bridging header.m"; sourceTree = "<group>"; };
		A11862631B320CAC00A638F3 /* StudentInformation.swift */ = {isa = PBXFileReference; fileEncoding = 4; lastKnownFileType = sourcecode.swift; path = StudentInformation.swift; sourceTree = "<group>"; };
		A14CE3401B51C48C0092470D /* udacity.png */ = {isa = PBXFileReference; lastKnownFileType = image.png; path = udacity.png; sourceTree = "<group>"; };
		A14CE3421B51C4DD0092470D /* nav_locationPin.png */ = {isa = PBXFileReference; lastKnownFileType = image.png; path = nav_locationPin.png; sourceTree = "<group>"; };
		A14CE3441B51C5460092470D /* OnTheMap_29.png */ = {isa = PBXFileReference; lastKnownFileType = image.png; path = OnTheMap_29.png; sourceTree = "<group>"; };
		A14CE3451B51C5460092470D /* OnTheMap_40.png */ = {isa = PBXFileReference; lastKnownFileType = image.png; path = OnTheMap_40.png; sourceTree = "<group>"; };
		A14CE3461B51C5460092470D /* OnTheMap_58.png */ = {isa = PBXFileReference; lastKnownFileType = image.png; path = OnTheMap_58.png; sourceTree = "<group>"; };
		A14CE3471B51C5460092470D /* OnTheMap_76.png */ = {isa = PBXFileReference; lastKnownFileType = image.png; path = OnTheMap_76.png; sourceTree = "<group>"; };
		A14CE3481B51C5460092470D /* OnTheMap_80.png */ = {isa = PBXFileReference; lastKnownFileType = image.png; path = OnTheMap_80.png; sourceTree = "<group>"; };
		A14CE3491B51C5460092470D /* OnTheMap_120.png */ = {isa = PBXFileReference; lastKnownFileType = image.png; path = OnTheMap_120.png; sourceTree = "<group>"; };
		A14CE34A1B51C5460092470D /* OnTheMap_152.png */ = {isa = PBXFileReference; lastKnownFileType = image.png; path = OnTheMap_152.png; sourceTree = "<group>"; };
		A14CE34B1B51C5460092470D /* OnTheMap_180.png */ = {isa = PBXFileReference; lastKnownFileType = image.png; path = OnTheMap_180.png; sourceTree = "<group>"; };
		A14CE34C1B51C5460092470D /* OnTheMap_512.png */ = {isa = PBXFileReference; lastKnownFileType = image.png; path = OnTheMap_512.png; sourceTree = "<group>"; };
		A14CE34D1B51C5460092470D /* OnTheMap_1024.png */ = {isa = PBXFileReference; lastKnownFileType = image.png; path = OnTheMap_1024.png; sourceTree = "<group>"; };
		A14CE3581B51C55A0092470D /* Roboto-Medium.ttf */ = {isa = PBXFileReference; lastKnownFileType = file; path = "Roboto-Medium.ttf"; sourceTree = "<group>"; };
		A14CE3591B51C55A0092470D /* Roboto-Regular.ttf */ = {isa = PBXFileReference; lastKnownFileType = file; path = "Roboto-Regular.ttf"; sourceTree = "<group>"; };
		A14CE35A1B51C55A0092470D /* Roboto-Thin.ttf */ = {isa = PBXFileReference; lastKnownFileType = file; path = "Roboto-Thin.ttf"; sourceTree = "<group>"; };
		A14CE35B1B51C56F0092470D /* list.pdf */ = {isa = PBXFileReference; lastKnownFileType = image.pdf; path = list.pdf; sourceTree = "<group>"; };
		A14CE35C1B51C56F0092470D /* map.pdf */ = {isa = PBXFileReference; lastKnownFileType = image.pdf; path = map.pdf; sourceTree = "<group>"; };
		A14CE35D1B51C56F0092470D /* pin.pdf */ = {isa = PBXFileReference; lastKnownFileType = image.pdf; path = pin.pdf; sourceTree = "<group>"; };
		A14CE35E1B51C56F0092470D /* udacity.pdf */ = {isa = PBXFileReference; lastKnownFileType = image.pdf; path = udacity.pdf; sourceTree = "<group>"; };
		A1A5582F1B3484710007209A /* StudentTableViewController.swift */ = {isa = PBXFileReference; fileEncoding = 4; lastKnownFileType = sourcecode.swift; name = StudentTableViewController.swift; path = ../StudentTableViewController.swift; sourceTree = "<group>"; };
		A1D129681B2DAB950098EA9E /* Map Me.app */ = {isa = PBXFileReference; explicitFileType = wrapper.application; includeInIndex = 0; path = "Map Me.app"; sourceTree = BUILT_PRODUCTS_DIR; };
		A1D1296C1B2DAB950098EA9E /* Info.plist */ = {isa = PBXFileReference; lastKnownFileType = text.plist.xml; path = Info.plist; sourceTree = "<group>"; };
		A1D1296D1B2DAB950098EA9E /* AppDelegate.swift */ = {isa = PBXFileReference; lastKnownFileType = sourcecode.swift; path = AppDelegate.swift; sourceTree = "<group>"; };
		A1D1296F1B2DAB950098EA9E /* LoginViewController.swift */ = {isa = PBXFileReference; lastKnownFileType = sourcecode.swift; path = LoginViewController.swift; sourceTree = "<group>"; };
		A1D129721B2DAB950098EA9E /* Base */ = {isa = PBXFileReference; lastKnownFileType = file.storyboard; name = Base; path = Base.lproj/Main.storyboard; sourceTree = "<group>"; };
		A1D129741B2DAB950098EA9E /* Images.xcassets */ = {isa = PBXFileReference; lastKnownFileType = folder.assetcatalog; path = Images.xcassets; sourceTree = "<group>"; };
		A1D129771B2DAB950098EA9E /* Base */ = {isa = PBXFileReference; lastKnownFileType = file.xib; name = Base; path = Base.lproj/LaunchScreen.xib; sourceTree = "<group>"; };
		A1D1297D1B2DAB950098EA9E /* Map MeTests.xctest */ = {isa = PBXFileReference; explicitFileType = wrapper.cfbundle; includeInIndex = 0; path = "Map MeTests.xctest"; sourceTree = BUILT_PRODUCTS_DIR; };
		A1D129821B2DAB950098EA9E /* Info.plist */ = {isa = PBXFileReference; lastKnownFileType = text.plist.xml; path = Info.plist; sourceTree = "<group>"; };
		A1D129831B2DAB950098EA9E /* Map_MeTests.swift */ = {isa = PBXFileReference; lastKnownFileType = sourcecode.swift; path = Map_MeTests.swift; sourceTree = "<group>"; };
		A1D1298E1B2DC1FD0098EA9E /* pinicon.png */ = {isa = PBXFileReference; lastKnownFileType = image.png; path = pinicon.png; sourceTree = "<group>"; };
		A1D1298F1B2DC1FD0098EA9E /* tab_list.png */ = {isa = PBXFileReference; lastKnownFileType = image.png; path = tab_list.png; sourceTree = "<group>"; };
		A1D129901B2DC1FD0098EA9E /* tab_map.png */ = {isa = PBXFileReference; lastKnownFileType = image.png; path = tab_map.png; sourceTree = "<group>"; };
		A1D129941B2DC45E0098EA9E /* MapViewController.swift */ = {isa = PBXFileReference; fileEncoding = 4; lastKnownFileType = sourcecode.swift; path = MapViewController.swift; sourceTree = "<group>"; };
		A1D129971B2DC5100098EA9E /* MapKit.framework */ = {isa = PBXFileReference; lastKnownFileType = wrapper.framework; name = MapKit.framework; path = System/Library/Frameworks/MapKit.framework; sourceTree = SDKROOT; };
		A1D129C11B2E13E60098EA9E /* AddPinViewController.swift */ = {isa = PBXFileReference; fileEncoding = 4; lastKnownFileType = sourcecode.swift; path = AddPinViewController.swift; sourceTree = "<group>"; };
		A1D129C41B2E159C0098EA9E /* GlobalConstants.swift */ = {isa = PBXFileReference; fileEncoding = 4; lastKnownFileType = sourcecode.swift; path = GlobalConstants.swift; sourceTree = "<group>"; };
		A1D129CC1B313AA30098EA9E /* ParseClient.swift */ = {isa = PBXFileReference; fileEncoding = 4; lastKnownFileType = sourcecode.swift; path = ParseClient.swift; sourceTree = "<group>"; };
		A1D129D71B3148240098EA9E /* ParseConstants.swift */ = {isa = PBXFileReference; fileEncoding = 4; lastKnownFileType = sourcecode.swift; path = ParseConstants.swift; sourceTree = "<group>"; };
		A1D129D91B315C280098EA9E /* ParseConvenience.swift */ = {isa = PBXFileReference; fileEncoding = 4; lastKnownFileType = sourcecode.swift; path = ParseConvenience.swift; sourceTree = "<group>"; };
		A1E5894E1B36DB18008CBD7C /* UdacityClient.swift */ = {isa = PBXFileReference; fileEncoding = 4; lastKnownFileType = sourcecode.swift; path = UdacityClient.swift; sourceTree = "<group>"; };
		A1E589501B36DD2B008CBD7C /* UdacityConfig.swift */ = {isa = PBXFileReference; fileEncoding = 4; lastKnownFileType = sourcecode.swift; path = UdacityConfig.swift; sourceTree = "<group>"; };
		A1E589521B36E25C008CBD7C /* UdacityConienceMethods.swift */ = {isa = PBXFileReference; fileEncoding = 4; lastKnownFileType = sourcecode.swift; path = UdacityConienceMethods.swift; sourceTree = "<group>"; };
		A1E589541B36E4FC008CBD7C /* UdacityConstants.swift */ = {isa = PBXFileReference; fileEncoding = 4; lastKnownFileType = sourcecode.swift; path = UdacityConstants.swift; sourceTree = "<group>"; };
/* End PBXFileReference section */

/* Begin PBXFrameworksBuildPhase section */
		A1D129651B2DAB950098EA9E /* Frameworks */ = {
			isa = PBXFrameworksBuildPhase;
			buildActionMask = 2147483647;
			files = (
				A1D129981B2DC5100098EA9E /* MapKit.framework in Frameworks */,
				D2184B2BD2A67E8F2759B331 /* libPods-Map Me.a in Frameworks */,
			);
			runOnlyForDeploymentPostprocessing = 0;
		};
		A1D1297A1B2DAB950098EA9E /* Frameworks */ = {
			isa = PBXFrameworksBuildPhase;
			buildActionMask = 2147483647;
			files = (
			);
			runOnlyForDeploymentPostprocessing = 0;
		};
/* End PBXFrameworksBuildPhase section */

/* Begin PBXGroup section */
		16A78AF6CB99257EC4C21BA8 /* Frameworks */ = {
			isa = PBXGroup;
			children = (
				6CD27B8BC494181EBA9CCE0A /* libPods-Map Me.a */,
			);
			name = Frameworks;
			sourceTree = "<group>";
		};
		26717F4598E4F533061EBDE5 /* Pods */ = {
			isa = PBXGroup;
			children = (
				443BA5A7D02C805B6B415B00 /* Pods-Map Me.debug.xcconfig */,
				16E295DA455BBA23E73EAB84 /* Pods-Map Me.release.xcconfig */,
			);
			name = Pods;
			sourceTree = "<group>";
		};
		A1D1295F1B2DAB940098EA9E = {
			isa = PBXGroup;
			children = (
				A1D129971B2DC5100098EA9E /* MapKit.framework */,
				A1D1296A1B2DAB950098EA9E /* Map Me */,
				A1D129801B2DAB950098EA9E /* Map MeTests */,
				A1D129691B2DAB950098EA9E /* Products */,
				26717F4598E4F533061EBDE5 /* Pods */,
				16A78AF6CB99257EC4C21BA8 /* Frameworks */,
			);
			sourceTree = "<group>";
		};
		A1D129691B2DAB950098EA9E /* Products */ = {
			isa = PBXGroup;
			children = (
				A1D129681B2DAB950098EA9E /* Map Me.app */,
				A1D1297D1B2DAB950098EA9E /* Map MeTests.xctest */,
			);
			name = Products;
			sourceTree = "<group>";
		};
		A1D1296A1B2DAB950098EA9E /* Map Me */ = {
			isa = PBXGroup;
			children = (
				A1D129CB1B313A8F0098EA9E /* Clients */,
				A1D129C31B2E157E0098EA9E /* Models */,
				A1D129961B2DC4620098EA9E /* Views */,
				A1D1296D1B2DAB950098EA9E /* AppDelegate.swift */,
				A1D129711B2DAB950098EA9E /* Main.storyboard */,
				A1D129741B2DAB950098EA9E /* Images.xcassets */,
				A1D129761B2DAB950098EA9E /* LaunchScreen.xib */,
				A1D1296B1B2DAB950098EA9E /* Supporting Files */,
			);
			path = "Map Me";
			sourceTree = "<group>";
		};
		A1D1296B1B2DAB950098EA9E /* Supporting Files */ = {
			isa = PBXGroup;
			children = (
				A1D129C81B308DBA0098EA9E /* views_assets */,
				A1D129BC1B2DD74F0098EA9E /* main icon */,
				A1D129BB1B2DD73E0098EA9E /* fonts */,
				A1D1298D1B2DC0C70098EA9E /* iconsandnav */,
				A1D1296C1B2DAB950098EA9E /* Info.plist */,
				A1171D001B48856E0077916C /* bridging header.m */,
				A1171CFF1B48856D0077916C /* Map Me-Bridging-Header.h */,
			);
			name = "Supporting Files";
			sourceTree = "<group>";
		};
		A1D129801B2DAB950098EA9E /* Map MeTests */ = {
			isa = PBXGroup;
			children = (
				A1D129831B2DAB950098EA9E /* Map_MeTests.swift */,
				A1D129811B2DAB950098EA9E /* Supporting Files */,
			);
			path = "Map MeTests";
			sourceTree = "<group>";
		};
		A1D129811B2DAB950098EA9E /* Supporting Files */ = {
			isa = PBXGroup;
			children = (
				A1D129821B2DAB950098EA9E /* Info.plist */,
			);
			name = "Supporting Files";
			sourceTree = "<group>";
		};
		A1D1298D1B2DC0C70098EA9E /* iconsandnav */ = {
			isa = PBXGroup;
			children = (
				A14CE35B1B51C56F0092470D /* list.pdf */,
				A14CE35C1B51C56F0092470D /* map.pdf */,
				A14CE35D1B51C56F0092470D /* pin.pdf */,
				A14CE35E1B51C56F0092470D /* udacity.pdf */,
				A14CE3421B51C4DD0092470D /* nav_locationPin.png */,
				A1D1298E1B2DC1FD0098EA9E /* pinicon.png */,
				A1D1298F1B2DC1FD0098EA9E /* tab_list.png */,
				A1D129901B2DC1FD0098EA9E /* tab_map.png */,
			);
			name = iconsandnav;
			sourceTree = "<group>";
		};
		A1D129961B2DC4620098EA9E /* Views */ = {
			isa = PBXGroup;
			children = (
				A1A5582F1B3484710007209A /* StudentTableViewController.swift */,
				A1D129941B2DC45E0098EA9E /* MapViewController.swift */,
				A1D129C11B2E13E60098EA9E /* AddPinViewController.swift */,
				A1D1296F1B2DAB950098EA9E /* LoginViewController.swift */,
			);
			name = Views;
			sourceTree = "<group>";
		};
		A1D129BB1B2DD73E0098EA9E /* fonts */ = {
			isa = PBXGroup;
			children = (
				A14CE3581B51C55A0092470D /* Roboto-Medium.ttf */,
				A14CE3591B51C55A0092470D /* Roboto-Regular.ttf */,
				A14CE35A1B51C55A0092470D /* Roboto-Thin.ttf */,
			);
			name = fonts;
			sourceTree = "<group>";
		};
		A1D129BC1B2DD74F0098EA9E /* main icon */ = {
			isa = PBXGroup;
			children = (
				A14CE3441B51C5460092470D /* OnTheMap_29.png */,
				A14CE3451B51C5460092470D /* OnTheMap_40.png */,
				A14CE3461B51C5460092470D /* OnTheMap_58.png */,
				A14CE3471B51C5460092470D /* OnTheMap_76.png */,
				A14CE3481B51C5460092470D /* OnTheMap_80.png */,
				A14CE3491B51C5460092470D /* OnTheMap_120.png */,
				A14CE34A1B51C5460092470D /* OnTheMap_152.png */,
				A14CE34B1B51C5460092470D /* OnTheMap_180.png */,
				A14CE34C1B51C5460092470D /* OnTheMap_512.png */,
				A14CE34D1B51C5460092470D /* OnTheMap_1024.png */,
			);
			name = "main icon";
			sourceTree = "<group>";
		};
		A1D129C31B2E157E0098EA9E /* Models */ = {
			isa = PBXGroup;
			children = (
				A11862631B320CAC00A638F3 /* StudentInformation.swift */,
				A1D129C41B2E159C0098EA9E /* GlobalConstants.swift */,
				A11492A61B4202000035E171 /* StudentGroup.swift */,
			);
			name = Models;
			sourceTree = "<group>";
		};
		A1D129C81B308DBA0098EA9E /* views_assets */ = {
			isa = PBXGroup;
			children = (
				A14CE3401B51C48C0092470D /* udacity.png */,
			);
			name = views_assets;
			sourceTree = "<group>";
		};
		A1D129CB1B313A8F0098EA9E /* Clients */ = {
			isa = PBXGroup;
			children = (
				A1E5894B1B36BB2F008CBD7C /* Udacity */,
				A1D129CE1B313C880098EA9E /* Parse */,
			);
			name = Clients;
			sourceTree = "<group>";
		};
		A1D129CE1B313C880098EA9E /* Parse */ = {
			isa = PBXGroup;
			children = (
				A1D129CC1B313AA30098EA9E /* ParseClient.swift */,
				A1D129D71B3148240098EA9E /* ParseConstants.swift */,
				A1D129D91B315C280098EA9E /* ParseConvenience.swift */,
			);
			name = Parse;
			sourceTree = "<group>";
		};
		A1E5894B1B36BB2F008CBD7C /* Udacity */ = {
			isa = PBXGroup;
			children = (
				A1E5894E1B36DB18008CBD7C /* UdacityClient.swift */,
				A1E589521B36E25C008CBD7C /* UdacityConienceMethods.swift */,
				A1E589541B36E4FC008CBD7C /* UdacityConstants.swift */,
				A1E589501B36DD2B008CBD7C /* UdacityConfig.swift */,
			);
			name = Udacity;
			sourceTree = "<group>";
		};
/* End PBXGroup section */

/* Begin PBXNativeTarget section */
		A1D129671B2DAB950098EA9E /* Map Me */ = {
			isa = PBXNativeTarget;
			buildConfigurationList = A1D129871B2DAB950098EA9E /* Build configuration list for PBXNativeTarget "Map Me" */;
			buildPhases = (
				4B3BA3EE6AAC86AD87E6612B /* Check Pods Manifest.lock */,
				A1D129641B2DAB950098EA9E /* Sources */,
				A1D129651B2DAB950098EA9E /* Frameworks */,
				A1D129661B2DAB950098EA9E /* Resources */,
				D89732E9538D711BF4989B4D /* Copy Pods Resources */,
			);
			buildRules = (
			);
			dependencies = (
			);
			name = "Map Me";
			productName = "Map Me";
			productReference = A1D129681B2DAB950098EA9E /* Map Me.app */;
			productType = "com.apple.product-type.application";
		};
		A1D1297C1B2DAB950098EA9E /* Map MeTests */ = {
			isa = PBXNativeTarget;
			buildConfigurationList = A1D1298A1B2DAB950098EA9E /* Build configuration list for PBXNativeTarget "Map MeTests" */;
			buildPhases = (
				A1D129791B2DAB950098EA9E /* Sources */,
				A1D1297A1B2DAB950098EA9E /* Frameworks */,
				A1D1297B1B2DAB950098EA9E /* Resources */,
			);
			buildRules = (
			);
			dependencies = (
				A1D1297F1B2DAB950098EA9E /* PBXTargetDependency */,
			);
			name = "Map MeTests";
			productName = "Map MeTests";
			productReference = A1D1297D1B2DAB950098EA9E /* Map MeTests.xctest */;
			productType = "com.apple.product-type.bundle.unit-test";
		};
/* End PBXNativeTarget section */

/* Begin PBXProject section */
		A1D129601B2DAB940098EA9E /* Project object */ = {
			isa = PBXProject;
			attributes = {
				LastUpgradeCheck = 0630;
				ORGANIZATIONNAME = "Grant Kemp";
				TargetAttributes = {
					A1D129671B2DAB950098EA9E = {
						CreatedOnToolsVersion = 6.3.2;
					};
					A1D1297C1B2DAB950098EA9E = {
						CreatedOnToolsVersion = 6.3.2;
						TestTargetID = A1D129671B2DAB950098EA9E;
					};
				};
			};
			buildConfigurationList = A1D129631B2DAB940098EA9E /* Build configuration list for PBXProject "Map Me" */;
			compatibilityVersion = "Xcode 3.2";
			developmentRegion = English;
			hasScannedForEncodings = 0;
			knownRegions = (
				en,
				Base,
			);
			mainGroup = A1D1295F1B2DAB940098EA9E;
			productRefGroup = A1D129691B2DAB950098EA9E /* Products */;
			projectDirPath = "";
			projectRoot = "";
			targets = (
				A1D129671B2DAB950098EA9E /* Map Me */,
				A1D1297C1B2DAB950098EA9E /* Map MeTests */,
			);
		};
/* End PBXProject section */

/* Begin PBXResourcesBuildPhase section */
		A1D129661B2DAB950098EA9E /* Resources */ = {
			isa = PBXResourcesBuildPhase;
			buildActionMask = 2147483647;
			files = (
				A14CE3621B51C56F0092470D /* udacity.pdf in Resources */,
				A1D129731B2DAB950098EA9E /* Main.storyboard in Resources */,
				A14CE3501B51C5460092470D /* OnTheMap_58.png in Resources */,
				A1D129921B2DC1FD0098EA9E /* tab_list.png in Resources */,
				A14CE3561B51C5460092470D /* OnTheMap_512.png in Resources */,
				A1D129781B2DAB950098EA9E /* LaunchScreen.xib in Resources */,
				A14CE35F1B51C56F0092470D /* list.pdf in Resources */,
				A14CE34E1B51C5460092470D /* OnTheMap_29.png in Resources */,
				A14CE3521B51C5460092470D /* OnTheMap_80.png in Resources */,
				A14CE3511B51C5460092470D /* OnTheMap_76.png in Resources */,
				A1D129911B2DC1FD0098EA9E /* pinicon.png in Resources */,
				A14CE34F1B51C5460092470D /* OnTheMap_40.png in Resources */,
				A14CE3551B51C5460092470D /* OnTheMap_180.png in Resources */,
				A14CE3411B51C48C0092470D /* udacity.png in Resources */,
				A14CE3541B51C5460092470D /* OnTheMap_152.png in Resources */,
				A14CE3571B51C5460092470D /* OnTheMap_1024.png in Resources */,
				A14CE3531B51C5460092470D /* OnTheMap_120.png in Resources */,
				A1D129931B2DC1FD0098EA9E /* tab_map.png in Resources */,
				A14CE3601B51C56F0092470D /* map.pdf in Resources */,
				A1D129751B2DAB950098EA9E /* Images.xcassets in Resources */,
				A14CE3431B51C4DD0092470D /* nav_locationPin.png in Resources */,
				A14CE3611B51C56F0092470D /* pin.pdf in Resources */,
			);
			runOnlyForDeploymentPostprocessing = 0;
		};
		A1D1297B1B2DAB950098EA9E /* Resources */ = {
			isa = PBXResourcesBuildPhase;
			buildActionMask = 2147483647;
			files = (
			);
			runOnlyForDeploymentPostprocessing = 0;
		};
/* End PBXResourcesBuildPhase section */

/* Begin PBXShellScriptBuildPhase section */
		4B3BA3EE6AAC86AD87E6612B /* Check Pods Manifest.lock */ = {
			isa = PBXShellScriptBuildPhase;
			buildActionMask = 2147483647;
			files = (
			);
			inputPaths = (
			);
			name = "Check Pods Manifest.lock";
			outputPaths = (
			);
			runOnlyForDeploymentPostprocessing = 0;
			shellPath = /bin/sh;
			shellScript = "diff \"${PODS_ROOT}/../Podfile.lock\" \"${PODS_ROOT}/Manifest.lock\" > /dev/null\nif [[ $? != 0 ]] ; then\n    cat << EOM\nerror: The sandbox is not in sync with the Podfile.lock. Run 'pod install' or update your CocoaPods installation.\nEOM\n    exit 1\nfi\n";
			showEnvVarsInLog = 0;
		};
		D89732E9538D711BF4989B4D /* Copy Pods Resources */ = {
			isa = PBXShellScriptBuildPhase;
			buildActionMask = 2147483647;
			files = (
			);
			inputPaths = (
			);
			name = "Copy Pods Resources";
			outputPaths = (
			);
			runOnlyForDeploymentPostprocessing = 0;
			shellPath = /bin/sh;
			shellScript = "\"${SRCROOT}/Pods/Target Support Files/Pods-Map Me/Pods-Map Me-resources.sh\"\n";
			showEnvVarsInLog = 0;
		};
/* End PBXShellScriptBuildPhase section */

/* Begin PBXSourcesBuildPhase section */
		A1D129641B2DAB950098EA9E /* Sources */ = {
			isa = PBXSourcesBuildPhase;
			buildActionMask = 2147483647;
			files = (
				A1D129CD1B313AA30098EA9E /* ParseClient.swift in Sources */,
				A11492A71B4202000035E171 /* StudentGroup.swift in Sources */,
				A11862641B320CAC00A638F3 /* StudentInformation.swift in Sources */,
				A1171D011B48856E0077916C /* bridging header.m in Sources */,
				A1D129C51B2E159C0098EA9E /* GlobalConstants.swift in Sources */,
				A1D129C21B2E13E60098EA9E /* AddPinViewController.swift in Sources */,
				A1D129701B2DAB950098EA9E /* LoginViewController.swift in Sources */,
				A1D129951B2DC45E0098EA9E /* MapViewController.swift in Sources */,
				A1E589511B36DD2B008CBD7C /* UdacityConfig.swift in Sources */,
				A1D1296E1B2DAB950098EA9E /* AppDelegate.swift in Sources */,
				A1E5894F1B36DB18008CBD7C /* UdacityClient.swift in Sources */,
				A1D129DA1B315C280098EA9E /* ParseConvenience.swift in Sources */,
				A1E589551B36E4FC008CBD7C /* UdacityConstants.swift in Sources */,
				A1D129D81B3148240098EA9E /* ParseConstants.swift in Sources */,
				A1E589531B36E25C008CBD7C /* UdacityConienceMethods.swift in Sources */,
				A1A558301B3484710007209A /* StudentTableViewController.swift in Sources */,
			);
			runOnlyForDeploymentPostprocessing = 0;
		};
		A1D129791B2DAB950098EA9E /* Sources */ = {
			isa = PBXSourcesBuildPhase;
			buildActionMask = 2147483647;
			files = (
				A1D129841B2DAB950098EA9E /* Map_MeTests.swift in Sources */,
			);
			runOnlyForDeploymentPostprocessing = 0;
		};
/* End PBXSourcesBuildPhase section */

/* Begin PBXTargetDependency section */
		A1D1297F1B2DAB950098EA9E /* PBXTargetDependency */ = {
			isa = PBXTargetDependency;
			target = A1D129671B2DAB950098EA9E /* Map Me */;
			targetProxy = A1D1297E1B2DAB950098EA9E /* PBXContainerItemProxy */;
		};
/* End PBXTargetDependency section */

/* Begin PBXVariantGroup section */
		A1D129711B2DAB950098EA9E /* Main.storyboard */ = {
			isa = PBXVariantGroup;
			children = (
				A1D129721B2DAB950098EA9E /* Base */,
			);
			name = Main.storyboard;
			sourceTree = "<group>";
		};
		A1D129761B2DAB950098EA9E /* LaunchScreen.xib */ = {
			isa = PBXVariantGroup;
			children = (
				A1D129771B2DAB950098EA9E /* Base */,
			);
			name = LaunchScreen.xib;
			sourceTree = "<group>";
		};
/* End PBXVariantGroup section */

/* Begin XCBuildConfiguration section */
		A1D129851B2DAB950098EA9E /* Debug */ = {
			isa = XCBuildConfiguration;
			buildSettings = {
				ALWAYS_SEARCH_USER_PATHS = NO;
				CLANG_CXX_LANGUAGE_STANDARD = "gnu++0x";
				CLANG_CXX_LIBRARY = "libc++";
				CLANG_ENABLE_MODULES = YES;
				CLANG_ENABLE_OBJC_ARC = YES;
				CLANG_WARN_BOOL_CONVERSION = YES;
				CLANG_WARN_CONSTANT_CONVERSION = YES;
				CLANG_WARN_DIRECT_OBJC_ISA_USAGE = YES_ERROR;
				CLANG_WARN_EMPTY_BODY = YES;
				CLANG_WARN_ENUM_CONVERSION = YES;
				CLANG_WARN_INT_CONVERSION = YES;
				CLANG_WARN_OBJC_ROOT_CLASS = YES_ERROR;
				CLANG_WARN_UNREACHABLE_CODE = YES;
				CLANG_WARN__DUPLICATE_METHOD_MATCH = YES;
				"CODE_SIGN_IDENTITY[sdk=iphoneos*]" = "iPhone Developer";
				COPY_PHASE_STRIP = NO;
				DEBUG_INFORMATION_FORMAT = "dwarf-with-dsym";
				ENABLE_STRICT_OBJC_MSGSEND = YES;
				GCC_C_LANGUAGE_STANDARD = gnu99;
				GCC_DYNAMIC_NO_PIC = NO;
				GCC_NO_COMMON_BLOCKS = YES;
				GCC_OPTIMIZATION_LEVEL = 0;
				GCC_PREPROCESSOR_DEFINITIONS = (
					"DEBUG=1",
					"$(inherited)",
				);
				GCC_SYMBOLS_PRIVATE_EXTERN = NO;
				GCC_WARN_64_TO_32_BIT_CONVERSION = YES;
				GCC_WARN_ABOUT_RETURN_TYPE = YES_ERROR;
				GCC_WARN_UNDECLARED_SELECTOR = YES;
				GCC_WARN_UNINITIALIZED_AUTOS = YES_AGGRESSIVE;
				GCC_WARN_UNUSED_FUNCTION = YES;
				GCC_WARN_UNUSED_VARIABLE = YES;
				IPHONEOS_DEPLOYMENT_TARGET = 8.3;
				MTL_ENABLE_DEBUG_INFO = YES;
				ONLY_ACTIVE_ARCH = YES;
				SDKROOT = iphoneos;
				SWIFT_OPTIMIZATION_LEVEL = "-Onone";
				TARGETED_DEVICE_FAMILY = "1,2";
			};
			name = Debug;
		};
		A1D129861B2DAB950098EA9E /* Release */ = {
			isa = XCBuildConfiguration;
			buildSettings = {
				ALWAYS_SEARCH_USER_PATHS = NO;
				CLANG_CXX_LANGUAGE_STANDARD = "gnu++0x";
				CLANG_CXX_LIBRARY = "libc++";
				CLANG_ENABLE_MODULES = YES;
				CLANG_ENABLE_OBJC_ARC = YES;
				CLANG_WARN_BOOL_CONVERSION = YES;
				CLANG_WARN_CONSTANT_CONVERSION = YES;
				CLANG_WARN_DIRECT_OBJC_ISA_USAGE = YES_ERROR;
				CLANG_WARN_EMPTY_BODY = YES;
				CLANG_WARN_ENUM_CONVERSION = YES;
				CLANG_WARN_INT_CONVERSION = YES;
				CLANG_WARN_OBJC_ROOT_CLASS = YES_ERROR;
				CLANG_WARN_UNREACHABLE_CODE = YES;
				CLANG_WARN__DUPLICATE_METHOD_MATCH = YES;
				"CODE_SIGN_IDENTITY[sdk=iphoneos*]" = "iPhone Developer";
				COPY_PHASE_STRIP = NO;
				DEBUG_INFORMATION_FORMAT = "dwarf-with-dsym";
				ENABLE_NS_ASSERTIONS = NO;
				ENABLE_STRICT_OBJC_MSGSEND = YES;
				GCC_C_LANGUAGE_STANDARD = gnu99;
				GCC_NO_COMMON_BLOCKS = YES;
				GCC_WARN_64_TO_32_BIT_CONVERSION = YES;
				GCC_WARN_ABOUT_RETURN_TYPE = YES_ERROR;
				GCC_WARN_UNDECLARED_SELECTOR = YES;
				GCC_WARN_UNINITIALIZED_AUTOS = YES_AGGRESSIVE;
				GCC_WARN_UNUSED_FUNCTION = YES;
				GCC_WARN_UNUSED_VARIABLE = YES;
				IPHONEOS_DEPLOYMENT_TARGET = 8.3;
				MTL_ENABLE_DEBUG_INFO = NO;
				SDKROOT = iphoneos;
				TARGETED_DEVICE_FAMILY = "1,2";
				VALIDATE_PRODUCT = YES;
			};
			name = Release;
		};
		A1D129881B2DAB950098EA9E /* Debug */ = {
			isa = XCBuildConfiguration;
			baseConfigurationReference = 443BA5A7D02C805B6B415B00 /* Pods-Map Me.debug.xcconfig */;
			buildSettings = {
				ASSETCATALOG_COMPILER_APPICON_NAME = AppIcon;
				CLANG_ENABLE_MODULES = YES;
				FRAMEWORK_SEARCH_PATHS = (
					"$(inherited)",
					"$(PROJECT_DIR)",
				);
				INFOPLIST_FILE = "Map Me/Info.plist";
				LD_RUNPATH_SEARCH_PATHS = "$(inherited) @executable_path/Frameworks";
				PRODUCT_NAME = "$(TARGET_NAME)";
				SWIFT_OBJC_BRIDGING_HEADER = "Map Me/Map Me-Bridging-Header.h";
				SWIFT_OPTIMIZATION_LEVEL = "-Onone";
			};
			name = Debug;
		};
		A1D129891B2DAB950098EA9E /* Release */ = {
			isa = XCBuildConfiguration;
			baseConfigurationReference = 16E295DA455BBA23E73EAB84 /* Pods-Map Me.release.xcconfig */;
			buildSettings = {
				ASSETCATALOG_COMPILER_APPICON_NAME = AppIcon;
				CLANG_ENABLE_MODULES = YES;
				FRAMEWORK_SEARCH_PATHS = (
					"$(inherited)",
					"$(PROJECT_DIR)",
				);
				INFOPLIST_FILE = "Map Me/Info.plist";
				LD_RUNPATH_SEARCH_PATHS = "$(inherited) @executable_path/Frameworks";
				PRODUCT_NAME = "$(TARGET_NAME)";
				SWIFT_OBJC_BRIDGING_HEADER = "Map Me/Map Me-Bridging-Header.h";
			};
			name = Release;
		};
		A1D1298B1B2DAB950098EA9E /* Debug */ = {
			isa = XCBuildConfiguration;
			buildSettings = {
				BUNDLE_LOADER = "$(TEST_HOST)";
				FRAMEWORK_SEARCH_PATHS = (
					"$(SDKROOT)/Developer/Library/Frameworks",
					"$(inherited)",
				);
				GCC_PREPROCESSOR_DEFINITIONS = (
					"DEBUG=1",
					"$(inherited)",
				);
				INFOPLIST_FILE = "Map MeTests/Info.plist";
				LD_RUNPATH_SEARCH_PATHS = "$(inherited) @executable_path/Frameworks @loader_path/Frameworks";
				PRODUCT_NAME = "$(TARGET_NAME)";
				TEST_HOST = "$(BUILT_PRODUCTS_DIR)/Map Me.app/Map Me";
			};
			name = Debug;
		};
		A1D1298C1B2DAB950098EA9E /* Release */ = {
			isa = XCBuildConfiguration;
			buildSettings = {
				BUNDLE_LOADER = "$(TEST_HOST)";
				FRAMEWORK_SEARCH_PATHS = (
					"$(SDKROOT)/Developer/Library/Frameworks",
					"$(inherited)",
				);
				INFOPLIST_FILE = "Map MeTests/Info.plist";
				LD_RUNPATH_SEARCH_PATHS = "$(inherited) @executable_path/Frameworks @loader_path/Frameworks";
				PRODUCT_NAME = "$(TARGET_NAME)";
				TEST_HOST = "$(BUILT_PRODUCTS_DIR)/Map Me.app/Map Me";
			};
			name = Release;
		};
/* End XCBuildConfiguration section */

/* Begin XCConfigurationList section */
		A1D129631B2DAB940098EA9E /* Build configuration list for PBXProject "Map Me" */ = {
			isa = XCConfigurationList;
			buildConfigurations = (
				A1D129851B2DAB950098EA9E /* Debug */,
				A1D129861B2DAB950098EA9E /* Release */,
			);
			defaultConfigurationIsVisible = 0;
			defaultConfigurationName = Release;
		};
		A1D129871B2DAB950098EA9E /* Build configuration list for PBXNativeTarget "Map Me" */ = {
			isa = XCConfigurationList;
			buildConfigurations = (
				A1D129881B2DAB950098EA9E /* Debug */,
				A1D129891B2DAB950098EA9E /* Release */,
			);
			defaultConfigurationIsVisible = 0;
			defaultConfigurationName = Release;
		};
		A1D1298A1B2DAB950098EA9E /* Build configuration list for PBXNativeTarget "Map MeTests" */ = {
			isa = XCConfigurationList;
			buildConfigurations = (
				A1D1298B1B2DAB950098EA9E /* Debug */,
				A1D1298C1B2DAB950098EA9E /* Release */,
			);
			defaultConfigurationIsVisible = 0;
			defaultConfigurationName = Release;
		};
/* End XCConfigurationList section */
	};
	rootObject = A1D129601B2DAB940098EA9E /* Project object */;
}
